// !$*UTF8*$!
{
	archiveVersion = 1;
	classes = {
	};
	objectVersion = 51;
	objects = {

/* Begin PBXBuildFile section */
		7777383029C9240000035526 /* AppDelegate.swift in Sources */ = {isa = PBXBuildFile; fileRef = 7777382F29C9240000035526 /* AppDelegate.swift */; };
		7777383229C9240000035526 /* SceneDelegate.swift in Sources */ = {isa = PBXBuildFile; fileRef = 7777383129C9240000035526 /* SceneDelegate.swift */; };
		7777383429C9240000035526 /* ViewController.swift in Sources */ = {isa = PBXBuildFile; fileRef = 7777383329C9240000035526 /* ViewController.swift */; };
		7777383729C9240000035526 /* Main.storyboard in Resources */ = {isa = PBXBuildFile; fileRef = 7777383529C9240000035526 /* Main.storyboard */; };
		7777383929C9240200035526 /* Assets.xcassets in Resources */ = {isa = PBXBuildFile; fileRef = 7777383829C9240200035526 /* Assets.xcassets */; };
		7777383C29C9240200035526 /* LaunchScreen.storyboard in Resources */ = {isa = PBXBuildFile; fileRef = 7777383A29C9240200035526 /* LaunchScreen.storyboard */; };
		77D72EF029C924C60055568C /* Pizza.swift in Sources */ = {isa = PBXBuildFile; fileRef = 77D72EEF29C924C60055568C /* Pizza.swift */; };
		77D72EF329C925720055568C /* MyCustomXIBCell.swift in Sources */ = {isa = PBXBuildFile; fileRef = 77D72EF129C925720055568C /* MyCustomXIBCell.swift */; };
		77D72EF429C925720055568C /* MyCustomXIBCell.xib in Resources */ = {isa = PBXBuildFile; fileRef = 77D72EF229C925720055568C /* MyCustomXIBCell.xib */; };
		77D72EF629C92BD50055568C /* PriceViewController.swift in Sources */ = {isa = PBXBuildFile; fileRef = 77D72EF529C92BD50055568C /* PriceViewController.swift */; };
		77D72EF829C92F2B0055568C /* RatingViewController.swift in Sources */ = {isa = PBXBuildFile; fileRef = 77D72EF729C92F2B0055568C /* RatingViewController.swift */; };
		77D72EFA29C931610055568C /* StartViewController.swift in Sources */ = {isa = PBXBuildFile; fileRef = 77D72EF929C931610055568C /* StartViewController.swift */; };
		B21708E79892DB84D773F07C /* Pods_ProjectRequestEight.framework in Frameworks */ = {isa = PBXBuildFile; fileRef = 6CD2F824879FEDD67BC93EE7 /* Pods_ProjectRequestEight.framework */; };
/* End PBXBuildFile section */

/* Begin PBXFileReference section */
		2A7924ADE826E66EF9A9E2B1 /* Pods-ProjectRequestEight.debug.xcconfig */ = {isa = PBXFileReference; includeInIndex = 1; lastKnownFileType = text.xcconfig; name = "Pods-ProjectRequestEight.debug.xcconfig"; path = "Target Support Files/Pods-ProjectRequestEight/Pods-ProjectRequestEight.debug.xcconfig"; sourceTree = "<group>"; };
		6CD2F824879FEDD67BC93EE7 /* Pods_ProjectRequestEight.framework */ = {isa = PBXFileReference; explicitFileType = wrapper.framework; includeInIndex = 0; path = Pods_ProjectRequestEight.framework; sourceTree = BUILT_PRODUCTS_DIR; };
		7777382C29C9240000035526 /* ProjectRequestEight.app */ = {isa = PBXFileReference; explicitFileType = wrapper.application; includeInIndex = 0; path = ProjectRequestEight.app; sourceTree = BUILT_PRODUCTS_DIR; };
		7777382F29C9240000035526 /* AppDelegate.swift */ = {isa = PBXFileReference; lastKnownFileType = sourcecode.swift; path = AppDelegate.swift; sourceTree = "<group>"; };
		7777383129C9240000035526 /* SceneDelegate.swift */ = {isa = PBXFileReference; lastKnownFileType = sourcecode.swift; path = SceneDelegate.swift; sourceTree = "<group>"; };
		7777383329C9240000035526 /* ViewController.swift */ = {isa = PBXFileReference; lastKnownFileType = sourcecode.swift; path = ViewController.swift; sourceTree = "<group>"; };
		7777383629C9240000035526 /* Base */ = {isa = PBXFileReference; lastKnownFileType = file.storyboard; name = Base; path = Base.lproj/Main.storyboard; sourceTree = "<group>"; };
		7777383829C9240200035526 /* Assets.xcassets */ = {isa = PBXFileReference; lastKnownFileType = folder.assetcatalog; path = Assets.xcassets; sourceTree = "<group>"; };
		7777383B29C9240200035526 /* Base */ = {isa = PBXFileReference; lastKnownFileType = file.storyboard; name = Base; path = Base.lproj/LaunchScreen.storyboard; sourceTree = "<group>"; };
		7777383D29C9240200035526 /* Info.plist */ = {isa = PBXFileReference; lastKnownFileType = text.plist.xml; path = Info.plist; sourceTree = "<group>"; };
		77D72EEF29C924C60055568C /* Pizza.swift */ = {isa = PBXFileReference; lastKnownFileType = sourcecode.swift; path = Pizza.swift; sourceTree = "<group>"; };
		77D72EF129C925720055568C /* MyCustomXIBCell.swift */ = {isa = PBXFileReference; lastKnownFileType = sourcecode.swift; path = MyCustomXIBCell.swift; sourceTree = "<group>"; };
		77D72EF229C925720055568C /* MyCustomXIBCell.xib */ = {isa = PBXFileReference; lastKnownFileType = file.xib; path = MyCustomXIBCell.xib; sourceTree = "<group>"; };
		77D72EF529C92BD50055568C /* PriceViewController.swift */ = {isa = PBXFileReference; lastKnownFileType = sourcecode.swift; path = PriceViewController.swift; sourceTree = "<group>"; };
		77D72EF729C92F2B0055568C /* RatingViewController.swift */ = {isa = PBXFileReference; lastKnownFileType = sourcecode.swift; path = RatingViewController.swift; sourceTree = "<group>"; };
		77D72EF929C931610055568C /* StartViewController.swift */ = {isa = PBXFileReference; lastKnownFileType = sourcecode.swift; path = StartViewController.swift; sourceTree = "<group>"; };
		79875C5463B0EE8AEEC0164A /* Pods-ProjectRequestEight.release.xcconfig */ = {isa = PBXFileReference; includeInIndex = 1; lastKnownFileType = text.xcconfig; name = "Pods-ProjectRequestEight.release.xcconfig"; path = "Target Support Files/Pods-ProjectRequestEight/Pods-ProjectRequestEight.release.xcconfig"; sourceTree = "<group>"; };
/* End PBXFileReference section */

/* Begin PBXFrameworksBuildPhase section */
		7777382929C9240000035526 /* Frameworks */ = {
			isa = PBXFrameworksBuildPhase;
			buildActionMask = 2147483647;
			files = (
				B21708E79892DB84D773F07C /* Pods_ProjectRequestEight.framework in Frameworks */,
			);
			runOnlyForDeploymentPostprocessing = 0;
		};
/* End PBXFrameworksBuildPhase section */

/* Begin PBXGroup section */
		243754293378EC847C143A92 /* Pods */ = {
			isa = PBXGroup;
			children = (
				2A7924ADE826E66EF9A9E2B1 /* Pods-ProjectRequestEight.debug.xcconfig */,
				79875C5463B0EE8AEEC0164A /* Pods-ProjectRequestEight.release.xcconfig */,
			);
			path = Pods;
			sourceTree = "<group>";
		};
		2A6EF5B3F9AEC72D36FE1292 /* Frameworks */ = {
			isa = PBXGroup;
			children = (
				6CD2F824879FEDD67BC93EE7 /* Pods_ProjectRequestEight.framework */,
			);
			name = Frameworks;
			sourceTree = "<group>";
		};
		7777382329C9240000035526 = {
			isa = PBXGroup;
			children = (
				7777382E29C9240000035526 /* ProjectRequestEight */,
				7777382D29C9240000035526 /* Products */,
				243754293378EC847C143A92 /* Pods */,
				2A6EF5B3F9AEC72D36FE1292 /* Frameworks */,
			);
			sourceTree = "<group>";
		};
		7777382D29C9240000035526 /* Products */ = {
			isa = PBXGroup;
			children = (
				7777382C29C9240000035526 /* ProjectRequestEight.app */,
			);
			name = Products;
			sourceTree = "<group>";
		};
		7777382E29C9240000035526 /* ProjectRequestEight */ = {
			isa = PBXGroup;
			children = (
				7777382F29C9240000035526 /* AppDelegate.swift */,
				7777383129C9240000035526 /* SceneDelegate.swift */,
				77D72EEF29C924C60055568C /* Pizza.swift */,
				77D72EF529C92BD50055568C /* PriceViewController.swift */,
				77D72EF729C92F2B0055568C /* RatingViewController.swift */,
				77D72EF929C931610055568C /* StartViewController.swift */,
				7777383329C9240000035526 /* ViewController.swift */,
				77D72EF129C925720055568C /* MyCustomXIBCell.swift */,
				77D72EF229C925720055568C /* MyCustomXIBCell.xib */,
				7777383529C9240000035526 /* Main.storyboard */,
				7777383829C9240200035526 /* Assets.xcassets */,
				7777383A29C9240200035526 /* LaunchScreen.storyboard */,
				7777383D29C9240200035526 /* Info.plist */,
			);
			path = ProjectRequestEight;
			sourceTree = "<group>";
		};
/* End PBXGroup section */

/* Begin PBXNativeTarget section */
		7777382B29C9240000035526 /* ProjectRequestEight */ = {
			isa = PBXNativeTarget;
			buildConfigurationList = 7777384029C9240200035526 /* Build configuration list for PBXNativeTarget "ProjectRequestEight" */;
			buildPhases = (
				905B4D31D2835A9DF6B2C90C /* [CP] Check Pods Manifest.lock */,
				7777382829C9240000035526 /* Sources */,
				7777382929C9240000035526 /* Frameworks */,
				7777382A29C9240000035526 /* Resources */,
				84299E6F188E96F68844AF8C /* [CP] Embed Pods Frameworks */,
			);
			buildRules = (
			);
			dependencies = (
			);
			name = ProjectRequestEight;
			productName = ProjectRequestEight;
			productReference = 7777382C29C9240000035526 /* ProjectRequestEight.app */;
			productType = "com.apple.product-type.application";
		};
/* End PBXNativeTarget section */

/* Begin PBXProject section */
		7777382429C9240000035526 /* Project object */ = {
			isa = PBXProject;
			attributes = {
				LastSwiftUpdateCheck = 1250;
				LastUpgradeCheck = 1250;
				TargetAttributes = {
					7777382B29C9240000035526 = {
						CreatedOnToolsVersion = 12.5.1;
					};
				};
			};
			buildConfigurationList = 7777382729C9240000035526 /* Build configuration list for PBXProject "ProjectRequestEight" */;
			compatibilityVersion = "Xcode 9.3";
			developmentRegion = en;
			hasScannedForEncodings = 0;
			knownRegions = (
				en,
				Base,
			);
			mainGroup = 7777382329C9240000035526;
			productRefGroup = 7777382D29C9240000035526 /* Products */;
			projectDirPath = "";
			projectRoot = "";
			targets = (
				7777382B29C9240000035526 /* ProjectRequestEight */,
			);
		};
/* End PBXProject section */

/* Begin PBXResourcesBuildPhase section */
		7777382A29C9240000035526 /* Resources */ = {
			isa = PBXResourcesBuildPhase;
			buildActionMask = 2147483647;
			files = (
				77D72EF429C925720055568C /* MyCustomXIBCell.xib in Resources */,
				7777383C29C9240200035526 /* LaunchScreen.storyboard in Resources */,
				7777383929C9240200035526 /* Assets.xcassets in Resources */,
				7777383729C9240000035526 /* Main.storyboard in Resources */,
			);
			runOnlyForDeploymentPostprocessing = 0;
		};
/* End PBXResourcesBuildPhase section */

/* Begin PBXShellScriptBuildPhase section */
		84299E6F188E96F68844AF8C /* [CP] Embed Pods Frameworks */ = {
			isa = PBXShellScriptBuildPhase;
			buildActionMask = 2147483647;
			files = (
			);
			inputFileListPaths = (
				"${PODS_ROOT}/Target Support Files/Pods-ProjectRequestEight/Pods-ProjectRequestEight-frameworks-${CONFIGURATION}-input-files.xcfilelist",
			);
			name = "[CP] Embed Pods Frameworks";
			outputFileListPaths = (
				"${PODS_ROOT}/Target Support Files/Pods-ProjectRequestEight/Pods-ProjectRequestEight-frameworks-${CONFIGURATION}-output-files.xcfilelist",
			);
			runOnlyForDeploymentPostprocessing = 0;
			shellPath = /bin/sh;
			shellScript = "\"${PODS_ROOT}/Target Support Files/Pods-ProjectRequestEight/Pods-ProjectRequestEight-frameworks.sh\"\n";
			showEnvVarsInLog = 0;
		};
		905B4D31D2835A9DF6B2C90C /* [CP] Check Pods Manifest.lock */ = {
			isa = PBXShellScriptBuildPhase;
			buildActionMask = 2147483647;
			files = (
			);
			inputFileListPaths = (
			);
			inputPaths = (
				"${PODS_PODFILE_DIR_PATH}/Podfile.lock",
				"${PODS_ROOT}/Manifest.lock",
			);
			name = "[CP] Check Pods Manifest.lock";
			outputFileListPaths = (
			);
			outputPaths = (
				"$(DERIVED_FILE_DIR)/Pods-ProjectRequestEight-checkManifestLockResult.txt",
			);
			runOnlyForDeploymentPostprocessing = 0;
			shellPath = /bin/sh;
			shellScript = "diff \"${PODS_PODFILE_DIR_PATH}/Podfile.lock\" \"${PODS_ROOT}/Manifest.lock\" > /dev/null\nif [ $? != 0 ] ; then\n    # print error to STDERR\n    echo \"error: The sandbox is not in sync with the Podfile.lock. Run 'pod install' or update your CocoaPods installation.\" >&2\n    exit 1\nfi\n# This output is used by Xcode 'outputs' to avoid re-running this script phase.\necho \"SUCCESS\" > \"${SCRIPT_OUTPUT_FILE_0}\"\n";
			showEnvVarsInLog = 0;
		};
/* End PBXShellScriptBuildPhase section */

/* Begin PBXSourcesBuildPhase section */
		7777382829C9240000035526 /* Sources */ = {
			isa = PBXSourcesBuildPhase;
			buildActionMask = 2147483647;
			files = (
				77D72EF329C925720055568C /* MyCustomXIBCell.swift in Sources */,
				77D72EFA29C931610055568C /* StartViewController.swift in Sources */,
				77D72EF029C924C60055568C /* Pizza.swift in Sources */,
				77D72EF629C92BD50055568C /* PriceViewController.swift in Sources */,
				7777383429C9240000035526 /* ViewController.swift in Sources */,
				7777383029C9240000035526 /* AppDelegate.swift in Sources */,
				7777383229C9240000035526 /* SceneDelegate.swift in Sources */,
				77D72EF829C92F2B0055568C /* RatingViewController.swift in Sources */,
			);
			runOnlyForDeploymentPostprocessing = 0;
		};
/* End PBXSourcesBuildPhase section */

/* Begin PBXVariantGroup section */
		7777383529C9240000035526 /* Main.storyboard */ = {
			isa = PBXVariantGroup;
			children = (
				7777383629C9240000035526 /* Base */,
			);
			name = Main.storyboard;
			sourceTree = "<group>";
		};
		7777383A29C9240200035526 /* LaunchScreen.storyboard */ = {
			isa = PBXVariantGroup;
			children = (
				7777383B29C9240200035526 /* Base */,
			);
			name = LaunchScreen.storyboard;
			sourceTree = "<group>";
		};
/* End PBXVariantGroup section */

/* Begin XCBuildConfiguration section */
		7777383E29C9240200035526 /* Debug */ = {
			isa = XCBuildConfiguration;
			buildSettings = {
				ALWAYS_SEARCH_USER_PATHS = NO;
				CLANG_ANALYZER_NONNULL = YES;
				CLANG_ANALYZER_NUMBER_OBJECT_CONVERSION = YES_AGGRESSIVE;
				CLANG_CXX_LANGUAGE_STANDARD = "gnu++14";
				CLANG_CXX_LIBRARY = "libc++";
				CLANG_ENABLE_MODULES = YES;
				CLANG_ENABLE_OBJC_ARC = YES;
				CLANG_ENABLE_OBJC_WEAK = YES;
				CLANG_WARN_BLOCK_CAPTURE_AUTORELEASING = YES;
				CLANG_WARN_BOOL_CONVERSION = YES;
				CLANG_WARN_COMMA = YES;
				CLANG_WARN_CONSTANT_CONVERSION = YES;
				CLANG_WARN_DEPRECATED_OBJC_IMPLEMENTATIONS = YES;
				CLANG_WARN_DIRECT_OBJC_ISA_USAGE = YES_ERROR;
				CLANG_WARN_DOCUMENTATION_COMMENTS = YES;
				CLANG_WARN_EMPTY_BODY = YES;
				CLANG_WARN_ENUM_CONVERSION = YES;
				CLANG_WARN_INFINITE_RECURSION = YES;
				CLANG_WARN_INT_CONVERSION = YES;
				CLANG_WARN_NON_LITERAL_NULL_CONVERSION = YES;
				CLANG_WARN_OBJC_IMPLICIT_RETAIN_SELF = YES;
				CLANG_WARN_OBJC_LITERAL_CONVERSION = YES;
				CLANG_WARN_OBJC_ROOT_CLASS = YES_ERROR;
				CLANG_WARN_QUOTED_INCLUDE_IN_FRAMEWORK_HEADER = YES;
				CLANG_WARN_RANGE_LOOP_ANALYSIS = YES;
				CLANG_WARN_STRICT_PROTOTYPES = YES;
				CLANG_WARN_SUSPICIOUS_MOVE = YES;
				CLANG_WARN_UNGUARDED_AVAILABILITY = YES_AGGRESSIVE;
				CLANG_WARN_UNREACHABLE_CODE = YES;
				CLANG_WARN__DUPLICATE_METHOD_MATCH = YES;
				COPY_PHASE_STRIP = NO;
				DEBUG_INFORMATION_FORMAT = dwarf;
				ENABLE_STRICT_OBJC_MSGSEND = YES;
				ENABLE_TESTABILITY = YES;
				GCC_C_LANGUAGE_STANDARD = gnu11;
				GCC_DYNAMIC_NO_PIC = NO;
				GCC_NO_COMMON_BLOCKS = YES;
				GCC_OPTIMIZATION_LEVEL = 0;
				GCC_PREPROCESSOR_DEFINITIONS = (
					"DEBUG=1",
					"$(inherited)",
				);
				GCC_WARN_64_TO_32_BIT_CONVERSION = YES;
				GCC_WARN_ABOUT_RETURN_TYPE = YES_ERROR;
				GCC_WARN_UNDECLARED_SELECTOR = YES;
				GCC_WARN_UNINITIALIZED_AUTOS = YES_AGGRESSIVE;
				GCC_WARN_UNUSED_FUNCTION = YES;
				GCC_WARN_UNUSED_VARIABLE = YES;
				IPHONEOS_DEPLOYMENT_TARGET = 14.5;
				MTL_ENABLE_DEBUG_INFO = INCLUDE_SOURCE;
				MTL_FAST_MATH = YES;
				ONLY_ACTIVE_ARCH = YES;
				SDKROOT = iphoneos;
				SWIFT_ACTIVE_COMPILATION_CONDITIONS = DEBUG;
				SWIFT_OPTIMIZATION_LEVEL = "-Onone";
			};
			name = Debug;
		};
		7777383F29C9240200035526 /* Release */ = {
			isa = XCBuildConfiguration;
			buildSettings = {
				ALWAYS_SEARCH_USER_PATHS = NO;
				CLANG_ANALYZER_NONNULL = YES;
				CLANG_ANALYZER_NUMBER_OBJECT_CONVERSION = YES_AGGRESSIVE;
				CLANG_CXX_LANGUAGE_STANDARD = "gnu++14";
				CLANG_CXX_LIBRARY = "libc++";
				CLANG_ENABLE_MODULES = YES;
				CLANG_ENABLE_OBJC_ARC = YES;
				CLANG_ENABLE_OBJC_WEAK = YES;
				CLANG_WARN_BLOCK_CAPTURE_AUTORELEASING = YES;
				CLANG_WARN_BOOL_CONVERSION = YES;
				CLANG_WARN_COMMA = YES;
				CLANG_WARN_CONSTANT_CONVERSION = YES;
				CLANG_WARN_DEPRECATED_OBJC_IMPLEMENTATIONS = YES;
				CLANG_WARN_DIRECT_OBJC_ISA_USAGE = YES_ERROR;
				CLANG_WARN_DOCUMENTATION_COMMENTS = YES;
				CLANG_WARN_EMPTY_BODY = YES;
				CLANG_WARN_ENUM_CONVERSION = YES;
				CLANG_WARN_INFINITE_RECURSION = YES;
				CLANG_WARN_INT_CONVERSION = YES;
				CLANG_WARN_NON_LITERAL_NULL_CONVERSION = YES;
				CLANG_WARN_OBJC_IMPLICIT_RETAIN_SELF = YES;
				CLANG_WARN_OBJC_LITERAL_CONVERSION = YES;
				CLANG_WARN_OBJC_ROOT_CLASS = YES_ERROR;
				CLANG_WARN_QUOTED_INCLUDE_IN_FRAMEWORK_HEADER = YES;
				CLANG_WARN_RANGE_LOOP_ANALYSIS = YES;
				CLANG_WARN_STRICT_PROTOTYPES = YES;
				CLANG_WARN_SUSPICIOUS_MOVE = YES;
				CLANG_WARN_UNGUARDED_AVAILABILITY = YES_AGGRESSIVE;
				CLANG_WARN_UNREACHABLE_CODE = YES;
				CLANG_WARN__DUPLICATE_METHOD_MATCH = YES;
				COPY_PHASE_STRIP = NO;
				DEBUG_INFORMATION_FORMAT = "dwarf-with-dsym";
				ENABLE_NS_ASSERTIONS = NO;
				ENABLE_STRICT_OBJC_MSGSEND = YES;
				GCC_C_LANGUAGE_STANDARD = gnu11;
				GCC_NO_COMMON_BLOCKS = YES;
				GCC_WARN_64_TO_32_BIT_CONVERSION = YES;
				GCC_WARN_ABOUT_RETURN_TYPE = YES_ERROR;
				GCC_WARN_UNDECLARED_SELECTOR = YES;
				GCC_WARN_UNINITIALIZED_AUTOS = YES_AGGRESSIVE;
				GCC_WARN_UNUSED_FUNCTION = YES;
				GCC_WARN_UNUSED_VARIABLE = YES;
				IPHONEOS_DEPLOYMENT_TARGET = 14.5;
				MTL_ENABLE_DEBUG_INFO = NO;
				MTL_FAST_MATH = YES;
				SDKROOT = iphoneos;
				SWIFT_COMPILATION_MODE = wholemodule;
				SWIFT_OPTIMIZATION_LEVEL = "-O";
				VALIDATE_PRODUCT = YES;
			};
			name = Release;
		};
		7777384129C9240200035526 /* Debug */ = {
			isa = XCBuildConfiguration;
			baseConfigurationReference = 2A7924ADE826E66EF9A9E2B1 /* Pods-ProjectRequestEight.debug.xcconfig */;
			buildSettings = {
				ASSETCATALOG_COMPILER_APPICON_NAME = AppIcon;
				ASSETCATALOG_COMPILER_GLOBAL_ACCENT_COLOR_NAME = AccentColor;
				CODE_SIGN_STYLE = Automatic;
				INFOPLIST_FILE = ProjectRequestEight/Info.plist;
				LD_RUNPATH_SEARCH_PATHS = (
					"$(inherited)",
					"@executable_path/Frameworks",
				);
				PRODUCT_BUNDLE_IDENTIFIER = Aninha.ProjectRequestEight;
				PRODUCT_NAME = "$(TARGET_NAME)";
				SWIFT_VERSION = 5.0;
				TARGETED_DEVICE_FAMILY = "1,2";
			};
			name = Debug;
		};
		7777384229C9240200035526 /* Release */ = {
			isa = XCBuildConfiguration;
			baseConfigurationReference = 79875C5463B0EE8AEEC0164A /* Pods-ProjectRequestEight.release.xcconfig */;
			buildSettings = {
				ASSETCATALOG_COMPILER_APPICON_NAME = AppIcon;
				ASSETCATALOG_COMPILER_GLOBAL_ACCENT_COLOR_NAME = AccentColor;
				CODE_SIGN_STYLE = Automatic;
				INFOPLIST_FILE = ProjectRequestEight/Info.plist;
				LD_RUNPATH_SEARCH_PATHS = (
					"$(inherited)",
					"@executable_path/Frameworks",
				);
				PRODUCT_BUNDLE_IDENTIFIER = Aninha.ProjectRequestEight;
				PRODUCT_NAME = "$(TARGET_NAME)";
				SWIFT_VERSION = 5.0;
				TARGETED_DEVICE_FAMILY = "1,2";
			};
			name = Release;
		};
/* End XCBuildConfiguration section */

/* Begin XCConfigurationList section */
		7777382729C9240000035526 /* Build configuration list for PBXProject "ProjectRequestEight" */ = {
			isa = XCConfigurationList;
			buildConfigurations = (
				7777383E29C9240200035526 /* Debug */,
				7777383F29C9240200035526 /* Release */,
			);
			defaultConfigurationIsVisible = 0;
			defaultConfigurationName = Release;
		};
		7777384029C9240200035526 /* Build configuration list for PBXNativeTarget "ProjectRequestEight" */ = {
			isa = XCConfigurationList;
			buildConfigurations = (
				7777384129C9240200035526 /* Debug */,
				7777384229C9240200035526 /* Release */,
			);
			defaultConfigurationIsVisible = 0;
			defaultConfigurationName = Release;
		};
/* End XCConfigurationList section */
	};
	rootObject = 7777382429C9240000035526 /* Project object */;
}
